{
  "version": "2",
  "remote": {
    "https://deno.land/std@0.192.0/fs/exists.ts": "29c26bca8584a22876be7cb8844f1b6c8fc35e9af514576b78f5c6884d7ed02d",
    "https://deno.land/std@0.192.0/semver/_shared.ts": "7101b4118e96b8c7b600d54a8455d93afd96eaf43a69a3bff34513890ac264ae",
    "https://deno.land/std@0.192.0/semver/constants.ts": "bb0c7652c433c7ec1dad5bf18c7e7e1557efe9ddfd5e70aa6305153e76dc318c",
    "https://deno.land/std@0.192.0/semver/is_semver.ts": "b21011d2afea366576bd283705df7515e8c85f5d03015aca83bc5a721f0cf344",
    "https://deno.land/std@0.192.0/semver/parse.ts": "190dab1b5231da1fa6ec40567f58550209e7304dcb655fd8ae46eb7c2966a82b",
    "https://deno.land/std@0.192.0/semver/try_parse.ts": "fc7eeafc18686563b0cc35b518eda57690e513e634527a0ff48c600ba7798ce4",
    "https://deno.land/std@0.192.0/semver/types.ts": "d44f442c2f27dd89bd6695b369e310b80549746f03c38f241fe28a83b33dd429",
    "https://deno.land/std@0.193.0/fs/exists.ts": "29c26bca8584a22876be7cb8844f1b6c8fc35e9af514576b78f5c6884d7ed02d",
    "https://deno.land/std@0.193.0/semver/_shared.ts": "8547ccf91b36c30fb2a8a17d7081df13f4ae694c4aa44c39799eba69ad0dcb23",
    "https://deno.land/std@0.193.0/semver/constants.ts": "bb0c7652c433c7ec1dad5bf18c7e7e1557efe9ddfd5e70aa6305153e76dc318c",
    "https://deno.land/std@0.193.0/semver/is_semver.ts": "0257f596d8ee33796bd2e46347e0c31030e55b3719bc72fe5258a1e9f9c7e227",
    "https://deno.land/std@0.193.0/semver/parse.ts": "190dab1b5231da1fa6ec40567f58550209e7304dcb655fd8ae46eb7c2966a82b",
    "https://deno.land/std@0.193.0/semver/try_parse.ts": "fc7eeafc18686563b0cc35b518eda57690e513e634527a0ff48c600ba7798ce4",
    "https://deno.land/std@0.193.0/semver/types.ts": "d44f442c2f27dd89bd6695b369e310b80549746f03c38f241fe28a83b33dd429",
    "https://deno.land/std@0.197.0/fs/exists.ts": "29c26bca8584a22876be7cb8844f1b6c8fc35e9af514576b78f5c6884d7ed02d",
    "https://deno.land/std@0.197.0/semver/_shared.ts": "8547ccf91b36c30fb2a8a17d7081df13f4ae694c4aa44c39799eba69ad0dcb23",
    "https://deno.land/std@0.197.0/semver/constants.ts": "bb0c7652c433c7ec1dad5bf18c7e7e1557efe9ddfd5e70aa6305153e76dc318c",
    "https://deno.land/std@0.197.0/semver/is_semver.ts": "0257f596d8ee33796bd2e46347e0c31030e55b3719bc72fe5258a1e9f9c7e227",
    "https://deno.land/std@0.197.0/semver/parse.ts": "190dab1b5231da1fa6ec40567f58550209e7304dcb655fd8ae46eb7c2966a82b",
    "https://deno.land/std@0.197.0/semver/try_parse.ts": "fc7eeafc18686563b0cc35b518eda57690e513e634527a0ff48c600ba7798ce4",
    "https://deno.land/std@0.197.0/semver/types.ts": "d44f442c2f27dd89bd6695b369e310b80549746f03c38f241fe28a83b33dd429",
    "https://deno.land/std@0.199.0/assert/assert.ts": "9a97dad6d98c238938e7540736b826440ad8c1c1e54430ca4c4e623e585607ee",
    "https://deno.land/std@0.199.0/assert/assertion_error.ts": "4d0bde9b374dfbcbe8ac23f54f567b77024fb67dbb1906a852d67fe050d42f56",
    "https://deno.land/std@0.199.0/fs/exists.ts": "29c26bca8584a22876be7cb8844f1b6c8fc35e9af514576b78f5c6884d7ed02d",
    "https://deno.land/std@0.199.0/path/_basename.ts": "057d420c9049821f983f784fd87fa73ac471901fb628920b67972b0f44319343",
    "https://deno.land/std@0.199.0/path/_constants.ts": "e49961f6f4f48039c0dfed3c3f93e963ca3d92791c9d478ac5b43183413136e0",
    "https://deno.land/std@0.199.0/path/_dirname.ts": "355e297236b2218600aee7a5301b937204c62e12da9db4b0b044993d9e658395",
    "https://deno.land/std@0.199.0/path/_extname.ts": "eaaa5aae1acf1f03254d681bd6a8ce42a9cb5b7ff2213a9d4740e8ab31283664",
    "https://deno.land/std@0.199.0/path/_format.ts": "4a99270d6810f082e614309164fad75d6f1a483b68eed97c830a506cc589f8b4",
    "https://deno.land/std@0.199.0/path/_from_file_url.ts": "7e4e5626089785adddb061f1b9f4932d6b21c7df778e7449531a11e32048245c",
    "https://deno.land/std@0.199.0/path/_interface.ts": "6471159dfbbc357e03882c2266d21ef9afdb1e4aa771b0545e90db58a0ba314b",
    "https://deno.land/std@0.199.0/path/_is_absolute.ts": "05dac10b5e93c63198b92e3687baa2be178df5321c527dc555266c0f4f51558c",
    "https://deno.land/std@0.199.0/path/_join.ts": "fd78555bc34d5f188918fc7018dfe8fe2df5bbad94a3b30a433666c03934d77f",
    "https://deno.land/std@0.199.0/path/_normalize.ts": "a19ec8706b2707f9dd974662a5cd89fad438e62ab1857e08b314a8eb49a34d81",
    "https://deno.land/std@0.199.0/path/_parse.ts": "0f9b0ff43682dd9964eb1c4398610c4e165d8db9d3ac9d594220217adf480cfa",
    "https://deno.land/std@0.199.0/path/_relative.ts": "27bdeffb5311a47d85be26d37ad1969979359f7636c5cd9fcf05dcd0d5099dc5",
    "https://deno.land/std@0.199.0/path/_resolve.ts": "7a3616f1093735ed327e758313b79c3c04ea921808ca5f19ddf240cb68d0adf6",
    "https://deno.land/std@0.199.0/path/_to_file_url.ts": "739bfda583598790b2e77ce227f2bb618f6ebdb939788cea47555b43970ec58c",
    "https://deno.land/std@0.199.0/path/_to_namespaced_path.ts": "0d5f4caa2ed98ef7a8786286df6af804b50e38859ae897b5b5b4c8c5930a75c8",
    "https://deno.land/std@0.199.0/path/_util.ts": "4e191b1bac6b3bf0c31aab42e5ca2e01a86ab5a0d2e08b75acf8585047a86221",
    "https://deno.land/std@0.199.0/path/posix.ts": "0a1c1952d132323a88736d03e92bd236f3ed5f9f079e5823fae07c8d978ee61b",
    "https://deno.land/std@0.199.0/semver/_shared.ts": "8547ccf91b36c30fb2a8a17d7081df13f4ae694c4aa44c39799eba69ad0dcb23",
    "https://deno.land/std@0.199.0/semver/constants.ts": "bb0c7652c433c7ec1dad5bf18c7e7e1557efe9ddfd5e70aa6305153e76dc318c",
    "https://deno.land/std@0.199.0/semver/is_semver.ts": "0257f596d8ee33796bd2e46347e0c31030e55b3719bc72fe5258a1e9f9c7e227",
    "https://deno.land/std@0.199.0/semver/parse.ts": "190dab1b5231da1fa6ec40567f58550209e7304dcb655fd8ae46eb7c2966a82b",
    "https://deno.land/std@0.199.0/semver/try_parse.ts": "fc7eeafc18686563b0cc35b518eda57690e513e634527a0ff48c600ba7798ce4",
    "https://deno.land/std@0.199.0/semver/types.ts": "d44f442c2f27dd89bd6695b369e310b80549746f03c38f241fe28a83b33dd429",
    "https://deno.land/std@0.201.0/assert/assert.ts": "9a97dad6d98c238938e7540736b826440ad8c1c1e54430ca4c4e623e585607ee",
    "https://deno.land/std@0.201.0/assert/assertion_error.ts": "4d0bde9b374dfbcbe8ac23f54f567b77024fb67dbb1906a852d67fe050d42f56",
    "https://deno.land/std@0.201.0/fs/exists.ts": "cb59a853d84871d87acab0e7936a4dac11282957f8e195102c5a7acb42546bb8",
    "https://deno.land/std@0.201.0/path/_basename.ts": "057d420c9049821f983f784fd87fa73ac471901fb628920b67972b0f44319343",
    "https://deno.land/std@0.201.0/path/_constants.ts": "e49961f6f4f48039c0dfed3c3f93e963ca3d92791c9d478ac5b43183413136e0",
    "https://deno.land/std@0.201.0/path/_dirname.ts": "355e297236b2218600aee7a5301b937204c62e12da9db4b0b044993d9e658395",
    "https://deno.land/std@0.201.0/path/_extname.ts": "eaaa5aae1acf1f03254d681bd6a8ce42a9cb5b7ff2213a9d4740e8ab31283664",
    "https://deno.land/std@0.201.0/path/_format.ts": "4a99270d6810f082e614309164fad75d6f1a483b68eed97c830a506cc589f8b4",
    "https://deno.land/std@0.201.0/path/_from_file_url.ts": "6eadfae2e6f63ad9ee46b26db4a1b16583055c0392acedfb50ed2fc694b6f581",
    "https://deno.land/std@0.201.0/path/_interface.ts": "6471159dfbbc357e03882c2266d21ef9afdb1e4aa771b0545e90db58a0ba314b",
    "https://deno.land/std@0.201.0/path/_is_absolute.ts": "05dac10b5e93c63198b92e3687baa2be178df5321c527dc555266c0f4f51558c",
    "https://deno.land/std@0.201.0/path/_join.ts": "815f5e85b042285175b1492dd5781240ce126c23bd97bad6b8211fe7129c538e",
    "https://deno.land/std@0.201.0/path/_normalize.ts": "a19ec8706b2707f9dd974662a5cd89fad438e62ab1857e08b314a8eb49a34d81",
    "https://deno.land/std@0.201.0/path/_parse.ts": "0f9b0ff43682dd9964eb1c4398610c4e165d8db9d3ac9d594220217adf480cfa",
    "https://deno.land/std@0.201.0/path/_relative.ts": "27bdeffb5311a47d85be26d37ad1969979359f7636c5cd9fcf05dcd0d5099dc5",
    "https://deno.land/std@0.201.0/path/_resolve.ts": "7a3616f1093735ed327e758313b79c3c04ea921808ca5f19ddf240cb68d0adf6",
    "https://deno.land/std@0.201.0/path/_to_file_url.ts": "a141e4a525303e1a3a0c0571fd024552b5f3553a2af7d75d1ff3a503dcbb66d8",
    "https://deno.land/std@0.201.0/path/_to_namespaced_path.ts": "0d5f4caa2ed98ef7a8786286df6af804b50e38859ae897b5b5b4c8c5930a75c8",
    "https://deno.land/std@0.201.0/path/_util.ts": "4e191b1bac6b3bf0c31aab42e5ca2e01a86ab5a0d2e08b75acf8585047a86221",
    "https://deno.land/std@0.201.0/path/posix.ts": "0a1c1952d132323a88736d03e92bd236f3ed5f9f079e5823fae07c8d978ee61b",
    "https://deno.land/std@0.201.0/semver/_shared.ts": "8547ccf91b36c30fb2a8a17d7081df13f4ae694c4aa44c39799eba69ad0dcb23",
    "https://deno.land/std@0.201.0/semver/constants.ts": "bb0c7652c433c7ec1dad5bf18c7e7e1557efe9ddfd5e70aa6305153e76dc318c",
    "https://deno.land/std@0.201.0/semver/is_semver.ts": "666f4e1d8e41994150d4326d515046bc5fc72e59cbbd6e756a0b60548dcd00b5",
    "https://deno.land/std@0.201.0/semver/parse.ts": "0e62409c25accf9756cb3eb288d5b5bc15fc2385d2344c912625bc1939136882",
    "https://deno.land/std@0.201.0/semver/try_parse.ts": "1ced8739d2b04b1dd06dac10c558ada8dbcf3d8aa838f6648049b24e7e376614",
    "https://deno.land/std@0.201.0/semver/types.ts": "d44f442c2f27dd89bd6695b369e310b80549746f03c38f241fe28a83b33dd429",
    "https://deno.land/x/which@0.3.0/mod.ts": "3e10d07953c14e4ddc809742a3447cef14202cdfe9be6678a1dfc8769c4487e6"
  }
}
